
Microsoft Visual Studio Solution File, Format Version 12.00
# Visual Studio 2013
VisualStudioVersion = 12.0.21005.1
MinimumVisualStudioVersion = 10.0.40219.1
Project("{FAE04EC0-301F-11D3-BF4B-00C04F79EFBC}") = "Nu.Web", "Nu.Web\Nu.Web.csproj", "{6042AE90-1AC7-4A88-B066-8D0F6D986FB3}"
EndProject
Project("{FAE04EC0-301F-11D3-BF4B-00C04F79EFBC}") = "Nu.Web.Mvc", "Nu.Web.Mvc\Nu.Web.Mvc.csproj", "{99CE021B-EEDB-40BF-ADB4-EFDF3D92D6BF}"
EndProject
Project("{2150E333-8FDC-42A3-9474-1A3956D46DE8}") = "Tests", "Tests", "{17661B96-271F-47B5-BAE1-03AB4D458DC9}"
EndProject
Project("{FAE04EC0-301F-11D3-BF4B-00C04F79EFBC}") = "Test.Nu.Web.Mvc", "Test.Nu.Web.Mvc\Test.Nu.Web.Mvc.csproj", "{ED072EAD-8559-4110-8409-56888A096582}"
EndProject
Global
	GlobalSection(SolutionConfigurationPlatforms) = preSolution
		Debug|Any CPU = Debug|Any CPU
		Release|Any CPU = Release|Any CPU
	EndGlobalSection
	GlobalSection(ProjectConfigurationPlatforms) = postSolution
		{6042AE90-1AC7-4A88-B066-8D0F6D986FB3}.Debug|Any CPU.ActiveCfg = Debug|Any CPU
		{6042AE90-1AC7-4A88-B066-8D0F6D986FB3}.Debug|Any CPU.Build.0 = Debug|Any CPU
		{6042AE90-1AC7-4A88-B066-8D0F6D986FB3}.Release|Any CPU.ActiveCfg = Release|Any CPU
		{6042AE90-1AC7-4A88-B066-8D0F6D986FB3}.Release|Any CPU.Build.0 = Release|Any CPU
		{99CE021B-EEDB-40BF-ADB4-EFDF3D92D6BF}.Debug|Any CPU.ActiveCfg = Debug|Any CPU
		{99CE021B-EEDB-40BF-ADB4-EFDF3D92D6BF}.Debug|Any CPU.Build.0 = Debug|Any CPU
		{99CE021B-EEDB-40BF-ADB4-EFDF3D92D6BF}.Release|Any CPU.ActiveCfg = Release|Any CPU
		{99CE021B-EEDB-40BF-ADB4-EFDF3D92D6BF}.Release|Any CPU.Build.0 = Release|Any CPU
		{ED072EAD-8559-4110-8409-56888A096582}.Debug|Any CPU.ActiveCfg = Debug|Any CPU
		{ED072EAD-8559-4110-8409-56888A096582}.Debug|Any CPU.Build.0 = Debug|Any CPU
		{ED072EAD-8559-4110-8409-56888A096582}.Release|Any CPU.ActiveCfg = Release|Any CPU
		{ED072EAD-8559-4110-8409-56888A096582}.Release|Any CPU.Build.0 = Release|Any CPU
	EndGlobalSection
	GlobalSection(SolutionProperties) = preSolution
		HideSolutionNode = FALSE
	EndGlobalSection
	GlobalSection(NestedProjects) = preSolution
		{ED072EAD-8559-4110-8409-56888A096582} = {17661B96-271F-47B5-BAE1-03AB4D458DC9}
	EndGlobalSection
EndGlobal
